
Microsoft Visual Studio Solution File, Format Version 12.00
# Visual Studio 15
VisualStudioVersion = 15.0.27703.2047
MinimumVisualStudioVersion = 10.0.40219.1
Project("{FAE04EC0-301F-11D3-BF4B-00C04F79EFBC}") = "WebAPI", "WebAPI\WebAPI.csproj", "{540E6E42-C8AA-435E-8E5F-99F858285E60}"
EndProject
Global
	GlobalSection(SolutionConfigurationPlatforms) = preSolution
		Debug|Any CPU = Debug|Any CPU
		Release|Any CPU = Release|Any CPU
	EndGlobalSection
	GlobalSection(ProjectConfigurationPlatforms) = postSolution
		{540E6E42-C8AA-435E-8E5F-99F858285E60}.Debug|Any CPU.ActiveCfg = Debug|Any CPU
		{540E6E42-C8AA-435E-8E5F-99F858285E60}.Debug|Any CPU.Build.0 = Debug|Any CPU
		{540E6E42-C8AA-435E-8E5F-99F858285E60}.Release|Any CPU.ActiveCfg = Release|Any CPU
		{540E6E42-C8AA-435E-8E5F-99F858285E60}.Release|Any CPU.Build.0 = Release|Any CPU
	EndGlobalSection
	GlobalSection(SolutionProperties) = preSolution
		HideSolutionNode = FALSE
	EndGlobalSection
	GlobalSection(ExtensibilityGlobals) = postSolution
		SolutionGuid = {E1F2E8BF-816F-4B36-936D-A57D40CA6632}
	EndGlobalSection
EndGlobal
